
Microsoft Visual Studio Solution File, Format Version 12.00
# Visual Studio Version 17
VisualStudioVersion = 17.6.33815.320
MinimumVisualStudioVersion = 10.0.40219.1
Project("{FAE04EC0-301F-11D3-BF4B-00C04F79EFBC}") = "SamplePDFSplit", "SamplePDFSplit.csproj", "{27965479-D0FA-4C36-BBCA-9DD223172221}"
EndProject
Global
	GlobalSection(SolutionConfigurationPlatforms) = preSolution
		Debug|Any CPU = Debug|Any CPU
		Release|Any CPU = Release|Any CPU
	EndGlobalSection
	GlobalSection(ProjectConfigurationPlatforms) = postSolution
		{27965479-D0FA-4C36-BBCA-9DD223172221}.Debug|Any CPU.ActiveCfg = Debug|Any CPU
		{27965479-D0FA-4C36-BBCA-9DD223172221}.Debug|Any CPU.Build.0 = Debug|Any CPU
		{27965479-D0FA-4C36-BBCA-9DD223172221}.Release|Any CPU.ActiveCfg = Release|Any CPU
		{27965479-D0FA-4C36-BBCA-9DD223172221}.Release|Any CPU.Build.0 = Release|Any CPU
	EndGlobalSection
	GlobalSection(SolutionProperties) = preSolution
		HideSolutionNode = FALSE
	EndGlobalSection
	GlobalSection(ExtensibilityGlobals) = postSolution
		SolutionGuid = {D4888183-6D04-4746-B3A2-4AEA4CD59708}
	EndGlobalSection
EndGlobal
